// !$*UTF8*$!
{
	archiveVersion = 1;
	classes = {
	};
	objectVersion = 46;
	objects = {

/* Begin PBXBuildFile section */
		0091D8F90E81B9330029341E /* OpenGL.framework in Frameworks */ = {isa = PBXBuildFile; fileRef = 0091D8F80E81B9330029341E /* OpenGL.framework */; };
		00B784B30FF439BC000DE1D7 /* Accelerate.framework in Frameworks */ = {isa = PBXBuildFile; fileRef = 00B784AF0FF439BC000DE1D7 /* Accelerate.framework */; };
		00B784B40FF439BC000DE1D7 /* AudioToolbox.framework in Frameworks */ = {isa = PBXBuildFile; fileRef = 00B784B00FF439BC000DE1D7 /* AudioToolbox.framework */; };
		00B784B50FF439BC000DE1D7 /* AudioUnit.framework in Frameworks */ = {isa = PBXBuildFile; fileRef = 00B784B10FF439BC000DE1D7 /* AudioUnit.framework */; };
		00B784B60FF439BC000DE1D7 /* CoreAudio.framework in Frameworks */ = {isa = PBXBuildFile; fileRef = 00B784B20FF439BC000DE1D7 /* CoreAudio.framework */; };
		1848585690934A85B07D620F /* Patch.cc in Sources */ = {isa = PBXBuildFile; fileRef = C078A88150324E979CB9BD26 /* Patch.cc */; };
		22666F8E86AE42608CC53A28 /* CLM.cc in Sources */ = {isa = PBXBuildFile; fileRef = DF833D7282FF483495EBEB6E /* CLM.cc */; };
		5323E6B20EAFCA74003A9687 /* CoreVideo.framework in Frameworks */ = {isa = PBXBuildFile; fileRef = 5323E6B10EAFCA74003A9687 /* CoreVideo.framework */; };
		66BA97E656B64D2CA8698768 /* CinderApp.icns in Resources */ = {isa = PBXBuildFile; fileRef = AA2CB55CD0C94E7CA87E55DE /* CinderApp.icns */; };
		7341186372374875B130C597 /* BasicApp.cpp in Sources */ = {isa = PBXBuildFile; fileRef = 308C54278E574664A61AFE86 /* BasicApp.cpp */; };
		868E957D1C0A8A9B00442D7C /* face.con in Resources */ = {isa = PBXBuildFile; fileRef = 868E95781C0A8A9B00442D7C /* face.con */; };
		868E957E1C0A8A9B00442D7C /* face.tracker in Resources */ = {isa = PBXBuildFile; fileRef = 868E95791C0A8A9B00442D7C /* face.tracker */; };
		868E957F1C0A8A9B00442D7C /* face.tri in Resources */ = {isa = PBXBuildFile; fileRef = 868E957A1C0A8A9B00442D7C /* face.tri */; };
		868E95801C0A8A9B00442D7C /* face2.tracker in Resources */ = {isa = PBXBuildFile; fileRef = 868E957B1C0A8A9B00442D7C /* face2.tracker */; };
		868E95821C0A9E7D00442D7C /* OpenCL.framework in Frameworks */ = {isa = PBXBuildFile; fileRef = 868E95811C0A9E7D00442D7C /* OpenCL.framework */; };
		868E95841C0A9ED500442D7C /* CoreMedia.framework in Frameworks */ = {isa = PBXBuildFile; fileRef = 868E95831C0A9ED500442D7C /* CoreMedia.framework */; };
		868E95861C0A9EE200442D7C /* AVFoundation.framework in Frameworks */ = {isa = PBXBuildFile; fileRef = 868E95851C0A9EE200442D7C /* AVFoundation.framework */; };
		868E95881C0A9F0400442D7C /* IOKit.framework in Frameworks */ = {isa = PBXBuildFile; fileRef = 868E95871C0A9F0400442D7C /* IOKit.framework */; };
		8D11072F0486CEB800E47090 /* Cocoa.framework in Frameworks */ = {isa = PBXBuildFile; fileRef = 1058C7A1FEA54F0111CA2CBB /* Cocoa.framework */; };
		978C71A5B1654E8D8C63BA71 /* Tracker.cc in Sources */ = {isa = PBXBuildFile; fileRef = 380772627CF64939B5E8721B /* Tracker.cc */; };
		B0EF1F7E63024ABDBA0CD3EE /* FDet.cc in Sources */ = {isa = PBXBuildFile; fileRef = 55484A0B0C254ECF9050C2F9 /* FDet.cc */; };
		B5EBD4FA1C724003B0446BD5 /* FCheck.cc in Sources */ = {isa = PBXBuildFile; fileRef = 74D090706BE24851B4FC69BB /* FCheck.cc */; };
		B77596C24C564DC498E7B8A6 /* ExpressionClassifier.cpp in Sources */ = {isa = PBXBuildFile; fileRef = 83CADA9D7D50400BA9295275 /* ExpressionClassifier.cpp */; };
		C9BC97535A0F471D875A4878 /* ciFaceTracker.cpp in Sources */ = {isa = PBXBuildFile; fileRef = 41070BAA81774E569C4FB4A6 /* ciFaceTracker.cpp */; };
		CBBB72ED66C6435EBE6531FF /* PDM.cc in Sources */ = {isa = PBXBuildFile; fileRef = EF64CC4F5B2D4CDA80C6084A /* PDM.cc */; };
		D131C242EDED4BCAA4D02074 /* IO.cc in Sources */ = {isa = PBXBuildFile; fileRef = A02BC9DE5E23457292F814BA /* IO.cc */; };
		F62F2FCFD06E4042BA55EF80 /* Expression.cpp in Sources */ = {isa = PBXBuildFile; fileRef = 62BE2F6318FA495691AC2E3B /* Expression.cpp */; };
		FC0BE2E48FB146E09EB9580B /* PAW.cc in Sources */ = {isa = PBXBuildFile; fileRef = 0E56229BD6D645E28ED01BAC /* PAW.cc */; };
/* End PBXBuildFile section */

/* Begin PBXFileReference section */
		0091D8F80E81B9330029341E /* OpenGL.framework */ = {isa = PBXFileReference; lastKnownFileType = wrapper.framework; name = OpenGL.framework; path = /System/Library/Frameworks/OpenGL.framework; sourceTree = "<absolute>"; };
		00B784AF0FF439BC000DE1D7 /* Accelerate.framework */ = {isa = PBXFileReference; lastKnownFileType = wrapper.framework; name = Accelerate.framework; path = System/Library/Frameworks/Accelerate.framework; sourceTree = SDKROOT; };
		00B784B00FF439BC000DE1D7 /* AudioToolbox.framework */ = {isa = PBXFileReference; lastKnownFileType = wrapper.framework; name = AudioToolbox.framework; path = System/Library/Frameworks/AudioToolbox.framework; sourceTree = SDKROOT; };
		00B784B10FF439BC000DE1D7 /* AudioUnit.framework */ = {isa = PBXFileReference; lastKnownFileType = wrapper.framework; name = AudioUnit.framework; path = System/Library/Frameworks/AudioUnit.framework; sourceTree = SDKROOT; };
		00B784B20FF439BC000DE1D7 /* CoreAudio.framework */ = {isa = PBXFileReference; lastKnownFileType = wrapper.framework; name = CoreAudio.framework; path = System/Library/Frameworks/CoreAudio.framework; sourceTree = SDKROOT; };
		083E9238C8A34E3D94F817D3 /* IO.h */ = {isa = PBXFileReference; lastKnownFileType = sourcecode.c.h; name = IO.h; path = ../../../libs/FaceTracker/include/FaceTracker/IO.h; sourceTree = "<group>"; };
		0E56229BD6D645E28ED01BAC /* PAW.cc */ = {isa = PBXFileReference; lastKnownFileType = "\"\""; name = PAW.cc; path = ../../../libs/FaceTracker/src/lib/PAW.cc; sourceTree = "<group>"; };
		1058C7A1FEA54F0111CA2CBB /* Cocoa.framework */ = {isa = PBXFileReference; lastKnownFileType = wrapper.framework; name = Cocoa.framework; path = /System/Library/Frameworks/Cocoa.framework; sourceTree = "<absolute>"; };
		29B97324FDCFA39411CA2CEA /* AppKit.framework */ = {isa = PBXFileReference; lastKnownFileType = wrapper.framework; name = AppKit.framework; path = /System/Library/Frameworks/AppKit.framework; sourceTree = "<absolute>"; };
		29B97325FDCFA39411CA2CEA /* Foundation.framework */ = {isa = PBXFileReference; lastKnownFileType = wrapper.framework; name = Foundation.framework; path = /System/Library/Frameworks/Foundation.framework; sourceTree = "<absolute>"; };
		2C7D18DE66A94AF2860A342D /* Patch.h */ = {isa = PBXFileReference; lastKnownFileType = sourcecode.c.h; name = Patch.h; path = ../../../libs/FaceTracker/include/FaceTracker/Patch.h; sourceTree = "<group>"; };
		308C54278E574664A61AFE86 /* BasicApp.cpp */ = {isa = PBXFileReference; lastKnownFileType = sourcecode.c.cpp; name = BasicApp.cpp; path = ../src/BasicApp.cpp; sourceTree = "<group>"; };
		380772627CF64939B5E8721B /* Tracker.cc */ = {isa = PBXFileReference; lastKnownFileType = "\"\""; name = Tracker.cc; path = ../../../libs/FaceTracker/src/lib/Tracker.cc; sourceTree = "<group>"; };
		3C5AAD8902724D6FA1953EB9 /* ciFaceTrackerThreaded.h */ = {isa = PBXFileReference; lastKnownFileType = sourcecode.c.h; name = ciFaceTrackerThreaded.h; path = ../../../src/ciFaceTrackerThreaded.h; sourceTree = "<group>"; };
		3E001A6B86FB48B9AD548336 /* ExpressionClassifier.h */ = {isa = PBXFileReference; lastKnownFileType = sourcecode.c.h; name = ExpressionClassifier.h; path = ../../../src/ExpressionClassifier.h; sourceTree = "<group>"; };
		41070BAA81774E569C4FB4A6 /* ciFaceTracker.cpp */ = {isa = PBXFileReference; lastKnownFileType = sourcecode.c.cpp; name = ciFaceTracker.cpp; path = ../../../src/ciFaceTracker.cpp; sourceTree = "<group>"; };
		4D42F8BCD3F74B878720C31B /* CLM.h */ = {isa = PBXFileReference; lastKnownFileType = sourcecode.c.h; name = CLM.h; path = ../../../libs/FaceTracker/include/FaceTracker/CLM.h; sourceTree = "<group>"; };
		5323E6B10EAFCA74003A9687 /* CoreVideo.framework */ = {isa = PBXFileReference; lastKnownFileType = wrapper.framework; name = CoreVideo.framework; path = /System/Library/Frameworks/CoreVideo.framework; sourceTree = "<absolute>"; };
		5323E6B50EAFCA7E003A9687 /* QTKit.framework */ = {isa = PBXFileReference; lastKnownFileType = wrapper.framework; name = QTKit.framework; path = /System/Library/Frameworks/QTKit.framework; sourceTree = "<absolute>"; };
		55484A0B0C254ECF9050C2F9 /* FDet.cc */ = {isa = PBXFileReference; lastKnownFileType = "\"\""; name = FDet.cc; path = ../../../libs/FaceTracker/src/lib/FDet.cc; sourceTree = "<group>"; };
		62BE2F6318FA495691AC2E3B /* Expression.cpp */ = {isa = PBXFileReference; lastKnownFileType = sourcecode.c.cpp; name = Expression.cpp; path = ../../../src/Expression.cpp; sourceTree = "<group>"; };
		700C8740465F452286EE9FF5 /* Tracker.h */ = {isa = PBXFileReference; lastKnownFileType = sourcecode.c.h; name = Tracker.h; path = ../../../libs/FaceTracker/include/FaceTracker/Tracker.h; sourceTree = "<group>"; };
		74D090706BE24851B4FC69BB /* FCheck.cc */ = {isa = PBXFileReference; lastKnownFileType = "\"\""; name = FCheck.cc; path = ../../../libs/FaceTracker/src/lib/FCheck.cc; sourceTree = "<group>"; };
		83CADA9D7D50400BA9295275 /* ExpressionClassifier.cpp */ = {isa = PBXFileReference; lastKnownFileType = sourcecode.c.cpp; name = ExpressionClassifier.cpp; path = ../../../src/ExpressionClassifier.cpp; sourceTree = "<group>"; };
		868E95781C0A8A9B00442D7C /* face.con */ = {isa = PBXFileReference; fileEncoding = 4; lastKnownFileType = text; path = face.con; sourceTree = "<group>"; };
		868E95791C0A8A9B00442D7C /* face.tracker */ = {isa = PBXFileReference; fileEncoding = 4; lastKnownFileType = text; path = face.tracker; sourceTree = "<group>"; };
		868E957A1C0A8A9B00442D7C /* face.tri */ = {isa = PBXFileReference; fileEncoding = 4; lastKnownFileType = text; path = face.tri; sourceTree = "<group>"; };
		868E957B1C0A8A9B00442D7C /* face2.tracker */ = {isa = PBXFileReference; fileEncoding = 4; lastKnownFileType = text; path = face2.tracker; sourceTree = "<group>"; };
		868E95811C0A9E7D00442D7C /* OpenCL.framework */ = {isa = PBXFileReference; lastKnownFileType = wrapper.framework; name = OpenCL.framework; path = System/Library/Frameworks/OpenCL.framework; sourceTree = SDKROOT; };
		868E95831C0A9ED500442D7C /* CoreMedia.framework */ = {isa = PBXFileReference; lastKnownFileType = wrapper.framework; name = CoreMedia.framework; path = System/Library/Frameworks/CoreMedia.framework; sourceTree = SDKROOT; };
		868E95851C0A9EE200442D7C /* AVFoundation.framework */ = {isa = PBXFileReference; lastKnownFileType = wrapper.framework; name = AVFoundation.framework; path = System/Library/Frameworks/AVFoundation.framework; sourceTree = SDKROOT; };
		868E95871C0A9F0400442D7C /* IOKit.framework */ = {isa = PBXFileReference; lastKnownFileType = wrapper.framework; name = IOKit.framework; path = System/Library/Frameworks/IOKit.framework; sourceTree = SDKROOT; };
		8D1107320486CEB800E47090 /* Basic.app */ = {isa = PBXFileReference; explicitFileType = wrapper.application; includeInIndex = 0; path = Basic.app; sourceTree = BUILT_PRODUCTS_DIR; };
		96E683B0556F4E40B67217E6 /* PAW.h */ = {isa = PBXFileReference; lastKnownFileType = sourcecode.c.h; name = PAW.h; path = ../../../libs/FaceTracker/include/FaceTracker/PAW.h; sourceTree = "<group>"; };
		A02BC9DE5E23457292F814BA /* IO.cc */ = {isa = PBXFileReference; lastKnownFileType = "\"\""; name = IO.cc; path = ../../../libs/FaceTracker/src/lib/IO.cc; sourceTree = "<group>"; };
		A29C4F1A13D74622BA766534 /* Info.plist */ = {isa = PBXFileReference; lastKnownFileType = text.plist.xml; path = Info.plist; sourceTree = "<group>"; };
		A8F1B35EE4A3455FA139B1F4 /* Basic_Prefix.pch */ = {isa = PBXFileReference; lastKnownFileType = "\"\""; path = Basic_Prefix.pch; sourceTree = "<group>"; };
		AA2CB55CD0C94E7CA87E55DE /* CinderApp.icns */ = {isa = PBXFileReference; lastKnownFileType = image.icns; name = CinderApp.icns; path = ../resources/CinderApp.icns; sourceTree = "<group>"; };
		ABBF6B2A3EA74B8BA4010480 /* Resources.h */ = {isa = PBXFileReference; lastKnownFileType = sourcecode.c.h; name = Resources.h; path = ../include/Resources.h; sourceTree = "<group>"; };
		B903C83F88604C07B14621A2 /* CinderOpenCV.h */ = {isa = PBXFileReference; lastKnownFileType = sourcecode.c.h; path = CinderOpenCV.h; sourceTree = "<group>"; };
		C078A88150324E979CB9BD26 /* Patch.cc */ = {isa = PBXFileReference; lastKnownFileType = "\"\""; name = Patch.cc; path = ../../../libs/FaceTracker/src/lib/Patch.cc; sourceTree = "<group>"; };
		CB0CF9AB789A445FBAE9B11A /* Expression.h */ = {isa = PBXFileReference; lastKnownFileType = sourcecode.c.h; name = Expression.h; path = ../../../src/Expression.h; sourceTree = "<group>"; };
		D05F48F5D27B49AEB61995B3 /* FCheck.h */ = {isa = PBXFileReference; lastKnownFileType = sourcecode.c.h; name = FCheck.h; path = ../../../libs/FaceTracker/include/FaceTracker/FCheck.h; sourceTree = "<group>"; };
		D89A9758F33A4F74A5B31448 /* ciFaceTracker.h */ = {isa = PBXFileReference; lastKnownFileType = sourcecode.c.h; name = ciFaceTracker.h; path = ../../../src/ciFaceTracker.h; sourceTree = "<group>"; };
		DF833D7282FF483495EBEB6E /* CLM.cc */ = {isa = PBXFileReference; lastKnownFileType = "\"\""; name = CLM.cc; path = ../../../libs/FaceTracker/src/lib/CLM.cc; sourceTree = "<group>"; };
		E99B8A033CCE40F28BDDA160 /* FDet.h */ = {isa = PBXFileReference; lastKnownFileType = sourcecode.c.h; name = FDet.h; path = ../../../libs/FaceTracker/include/FaceTracker/FDet.h; sourceTree = "<group>"; };
		EF64CC4F5B2D4CDA80C6084A /* PDM.cc */ = {isa = PBXFileReference; lastKnownFileType = "\"\""; name = PDM.cc; path = ../../../libs/FaceTracker/src/lib/PDM.cc; sourceTree = "<group>"; };
		F6713D1C8C4C4EE0B9A662D4 /* PDM.h */ = {isa = PBXFileReference; lastKnownFileType = sourcecode.c.h; name = PDM.h; path = ../../../libs/FaceTracker/include/FaceTracker/PDM.h; sourceTree = "<group>"; };
		F794D061136A4461BAAAED4F /* ciThread.h */ = {isa = PBXFileReference; lastKnownFileType = sourcecode.c.h; name = ciThread.h; path = ../../../src/ciThread.h; sourceTree = "<group>"; };
/* End PBXFileReference section */

/* Begin PBXFrameworksBuildPhase section */
		8D11072E0486CEB800E47090 /* Frameworks */ = {
			isa = PBXFrameworksBuildPhase;
			buildActionMask = 2147483647;
			files = (
				868E95881C0A9F0400442D7C /* IOKit.framework in Frameworks */,
				868E95861C0A9EE200442D7C /* AVFoundation.framework in Frameworks */,
				868E95841C0A9ED500442D7C /* CoreMedia.framework in Frameworks */,
				868E95821C0A9E7D00442D7C /* OpenCL.framework in Frameworks */,
				8D11072F0486CEB800E47090 /* Cocoa.framework in Frameworks */,
				0091D8F90E81B9330029341E /* OpenGL.framework in Frameworks */,
				5323E6B20EAFCA74003A9687 /* CoreVideo.framework in Frameworks */,
				00B784B30FF439BC000DE1D7 /* Accelerate.framework in Frameworks */,
				00B784B40FF439BC000DE1D7 /* AudioToolbox.framework in Frameworks */,
				00B784B50FF439BC000DE1D7 /* AudioUnit.framework in Frameworks */,
				00B784B60FF439BC000DE1D7 /* CoreAudio.framework in Frameworks */,
			);
			runOnlyForDeploymentPostprocessing = 0;
		};
/* End PBXFrameworksBuildPhase section */

/* Begin PBXGroup section */
		01B97315FEAEA392516A2CEA /* Blocks */ = {
			isa = PBXGroup;
			children = (
				8E27BAA2D6864919A031B571 /* ciFaceTracker */,
				AE7743BC61FB40428B94D206 /* OpenCV */,
			);
			name = Blocks;
			sourceTree = "<group>";
		};
		080E96DDFE201D6D7F000001 /* Source */ = {
			isa = PBXGroup;
			children = (
				308C54278E574664A61AFE86 /* BasicApp.cpp */,
			);
			name = Source;
			sourceTree = "<group>";
		};
		1058C7A0FEA54F0111CA2CBB /* Linked Frameworks */ = {
			isa = PBXGroup;
			children = (
				00B784AF0FF439BC000DE1D7 /* Accelerate.framework */,
				00B784B00FF439BC000DE1D7 /* AudioToolbox.framework */,
				00B784B10FF439BC000DE1D7 /* AudioUnit.framework */,
				00B784B20FF439BC000DE1D7 /* CoreAudio.framework */,
				5323E6B50EAFCA7E003A9687 /* QTKit.framework */,
				5323E6B10EAFCA74003A9687 /* CoreVideo.framework */,
				0091D8F80E81B9330029341E /* OpenGL.framework */,
				1058C7A1FEA54F0111CA2CBB /* Cocoa.framework */,
			);
			name = "Linked Frameworks";
			sourceTree = "<group>";
		};
		1058C7A2FEA54F0111CA2CBB /* Other Frameworks */ = {
			isa = PBXGroup;
			children = (
				29B97324FDCFA39411CA2CEA /* AppKit.framework */,
				29B97325FDCFA39411CA2CEA /* Foundation.framework */,
			);
			name = "Other Frameworks";
			sourceTree = "<group>";
		};
		19C28FACFE9D520D11CA2CBB /* Products */ = {
			isa = PBXGroup;
			children = (
				8D1107320486CEB800E47090 /* Basic.app */,
			);
			name = Products;
			sourceTree = "<group>";
		};
		29B97314FDCFA39411CA2CEA /* Basic */ = {
			isa = PBXGroup;
			children = (
				868E95741C0A8A6200442D7C /* Assets */,
				01B97315FEAEA392516A2CEA /* Blocks */,
				29B97315FDCFA39411CA2CEA /* Headers */,
				080E96DDFE201D6D7F000001 /* Source */,
				29B97317FDCFA39411CA2CEA /* Resources */,
				29B97323FDCFA39411CA2CEA /* Frameworks */,
				19C28FACFE9D520D11CA2CBB /* Products */,
			);
			name = Basic;
			sourceTree = "<group>";
		};
		29B97315FDCFA39411CA2CEA /* Headers */ = {
			isa = PBXGroup;
			children = (
				ABBF6B2A3EA74B8BA4010480 /* Resources.h */,
				A8F1B35EE4A3455FA139B1F4 /* Basic_Prefix.pch */,
			);
			name = Headers;
			sourceTree = "<group>";
		};
		29B97317FDCFA39411CA2CEA /* Resources */ = {
			isa = PBXGroup;
			children = (
				AA2CB55CD0C94E7CA87E55DE /* CinderApp.icns */,
				A29C4F1A13D74622BA766534 /* Info.plist */,
			);
			name = Resources;
			sourceTree = "<group>";
		};
		29B97323FDCFA39411CA2CEA /* Frameworks */ = {
			isa = PBXGroup;
			children = (
				868E95871C0A9F0400442D7C /* IOKit.framework */,
				868E95851C0A9EE200442D7C /* AVFoundation.framework */,
				868E95831C0A9ED500442D7C /* CoreMedia.framework */,
				868E95811C0A9E7D00442D7C /* OpenCL.framework */,
				1058C7A0FEA54F0111CA2CBB /* Linked Frameworks */,
				1058C7A2FEA54F0111CA2CBB /* Other Frameworks */,
			);
			name = Frameworks;
			sourceTree = "<group>";
		};
		536F01A278504233A02B3E80 /* src */ = {
			isa = PBXGroup;
			children = (
				D89A9758F33A4F74A5B31448 /* ciFaceTracker.h */,
				3C5AAD8902724D6FA1953EB9 /* ciFaceTrackerThreaded.h */,
				F794D061136A4461BAAAED4F /* ciThread.h */,
				CB0CF9AB789A445FBAE9B11A /* Expression.h */,
				3E001A6B86FB48B9AD548336 /* ExpressionClassifier.h */,
				41070BAA81774E569C4FB4A6 /* ciFaceTracker.cpp */,
				62BE2F6318FA495691AC2E3B /* Expression.cpp */,
				83CADA9D7D50400BA9295275 /* ExpressionClassifier.cpp */,
			);
			name = src;
			sourceTree = "<group>";
		};
		8523C02E269B43CC8E58D912 /* FaceTracker */ = {
			isa = PBXGroup;
			children = (
				4D42F8BCD3F74B878720C31B /* CLM.h */,
				D05F48F5D27B49AEB61995B3 /* FCheck.h */,
				E99B8A033CCE40F28BDDA160 /* FDet.h */,
				083E9238C8A34E3D94F817D3 /* IO.h */,
				2C7D18DE66A94AF2860A342D /* Patch.h */,
				96E683B0556F4E40B67217E6 /* PAW.h */,
				F6713D1C8C4C4EE0B9A662D4 /* PDM.h */,
				700C8740465F452286EE9FF5 /* Tracker.h */,
			);
			name = FaceTracker;
			sourceTree = "<group>";
		};
		868E95741C0A8A6200442D7C /* Assets */ = {
			isa = PBXGroup;
			children = (
				868E95751C0A8A7800442D7C /* model */,
			);
			name = Assets;
			path = ../assets;
			sourceTree = "<group>";
		};
		868E95751C0A8A7800442D7C /* model */ = {
			isa = PBXGroup;
			children = (
				868E95781C0A8A9B00442D7C /* face.con */,
				868E95791C0A8A9B00442D7C /* face.tracker */,
				868E957A1C0A8A9B00442D7C /* face.tri */,
				868E957B1C0A8A9B00442D7C /* face2.tracker */,
			);
			path = model;
			sourceTree = "<group>";
		};
		8E27BAA2D6864919A031B571 /* ciFaceTracker */ = {
			isa = PBXGroup;
			children = (
				536F01A278504233A02B3E80 /* src */,
				D7DB0EED2D3A44CFBA27B87E /* libs */,
			);
			name = ciFaceTracker;
			sourceTree = "<group>";
		};
		91870CB1078E4A449B717844 /* lib */ = {
			isa = PBXGroup;
			children = (
				DF833D7282FF483495EBEB6E /* CLM.cc */,
				74D090706BE24851B4FC69BB /* FCheck.cc */,
				55484A0B0C254ECF9050C2F9 /* FDet.cc */,
				A02BC9DE5E23457292F814BA /* IO.cc */,
				C078A88150324E979CB9BD26 /* Patch.cc */,
				0E56229BD6D645E28ED01BAC /* PAW.cc */,
				EF64CC4F5B2D4CDA80C6084A /* PDM.cc */,
				380772627CF64939B5E8721B /* Tracker.cc */,
			);
			name = lib;
			sourceTree = "<group>";
		};
		9A02DD90096541D88BCA2409 /* include */ = {
			isa = PBXGroup;
			children = (
				8523C02E269B43CC8E58D912 /* FaceTracker */,
			);
			name = include;
			sourceTree = "<group>";
		};
		9B7BC1F06DA642C6827BF00D /* include */ = {
			isa = PBXGroup;
			children = (
				B903C83F88604C07B14621A2 /* CinderOpenCV.h */,
			);
			name = include;
			path = "../../../../Cinder-OpenCV3/include";
			sourceTree = "<group>";
		};
		ABD861EF7ACF4B799A457940 /* src */ = {
			isa = PBXGroup;
			children = (
				91870CB1078E4A449B717844 /* lib */,
			);
			name = src;
			sourceTree = "<group>";
		};
		AE7743BC61FB40428B94D206 /* OpenCV */ = {
			isa = PBXGroup;
			children = (
				9B7BC1F06DA642C6827BF00D /* include */,
			);
			name = OpenCV;
			sourceTree = "<group>";
		};
		D7DB0EED2D3A44CFBA27B87E /* libs */ = {
			isa = PBXGroup;
			children = (
				F98135D5C2924E2488BBD74E /* FaceTracker */,
			);
			name = libs;
			sourceTree = "<group>";
		};
		F98135D5C2924E2488BBD74E /* FaceTracker */ = {
			isa = PBXGroup;
			children = (
				9A02DD90096541D88BCA2409 /* include */,
				ABD861EF7ACF4B799A457940 /* src */,
			);
			name = FaceTracker;
			sourceTree = "<group>";
		};
/* End PBXGroup section */

/* Begin PBXNativeTarget section */
		8D1107260486CEB800E47090 /* Basic */ = {
			isa = PBXNativeTarget;
			buildConfigurationList = C01FCF4A08A954540054247B /* Build configuration list for PBXNativeTarget "Basic" */;
			buildPhases = (
				8D1107290486CEB800E47090 /* Resources */,
				8D11072C0486CEB800E47090 /* Sources */,
				8D11072E0486CEB800E47090 /* Frameworks */,
			);
			buildRules = (
			);
			dependencies = (
			);
			name = Basic;
			productInstallPath = "$(HOME)/Applications";
			productName = Basic;
			productReference = 8D1107320486CEB800E47090 /* Basic.app */;
			productType = "com.apple.product-type.application";
		};
/* End PBXNativeTarget section */

/* Begin PBXProject section */
		29B97313FDCFA39411CA2CEA /* Project object */ = {
			isa = PBXProject;
			attributes = {
				LastUpgradeCheck = 0710;
			};
			buildConfigurationList = C01FCF4E08A954540054247B /* Build configuration list for PBXProject "Basic" */;
			compatibilityVersion = "Xcode 3.2";
			developmentRegion = English;
			hasScannedForEncodings = 1;
			knownRegions = (
				English,
				Japanese,
				French,
				German,
			);
			mainGroup = 29B97314FDCFA39411CA2CEA /* Basic */;
			projectDirPath = "";
			projectRoot = "";
			targets = (
				8D1107260486CEB800E47090 /* Basic */,
			);
		};
/* End PBXProject section */

/* Begin PBXResourcesBuildPhase section */
		8D1107290486CEB800E47090 /* Resources */ = {
			isa = PBXResourcesBuildPhase;
			buildActionMask = 2147483647;
			files = (
				868E957F1C0A8A9B00442D7C /* face.tri in Resources */,
				66BA97E656B64D2CA8698768 /* CinderApp.icns in Resources */,
				868E957E1C0A8A9B00442D7C /* face.tracker in Resources */,
				868E95801C0A8A9B00442D7C /* face2.tracker in Resources */,
				868E957D1C0A8A9B00442D7C /* face.con in Resources */,
			);
			runOnlyForDeploymentPostprocessing = 0;
		};
/* End PBXResourcesBuildPhase section */

/* Begin PBXSourcesBuildPhase section */
		8D11072C0486CEB800E47090 /* Sources */ = {
			isa = PBXSourcesBuildPhase;
			buildActionMask = 2147483647;
			files = (
				7341186372374875B130C597 /* BasicApp.cpp in Sources */,
				C9BC97535A0F471D875A4878 /* ciFaceTracker.cpp in Sources */,
				F62F2FCFD06E4042BA55EF80 /* Expression.cpp in Sources */,
				B77596C24C564DC498E7B8A6 /* ExpressionClassifier.cpp in Sources */,
				22666F8E86AE42608CC53A28 /* CLM.cc in Sources */,
				B5EBD4FA1C724003B0446BD5 /* FCheck.cc in Sources */,
				B0EF1F7E63024ABDBA0CD3EE /* FDet.cc in Sources */,
				D131C242EDED4BCAA4D02074 /* IO.cc in Sources */,
				1848585690934A85B07D620F /* Patch.cc in Sources */,
				FC0BE2E48FB146E09EB9580B /* PAW.cc in Sources */,
				CBBB72ED66C6435EBE6531FF /* PDM.cc in Sources */,
				978C71A5B1654E8D8C63BA71 /* Tracker.cc in Sources */,
			);
			runOnlyForDeploymentPostprocessing = 0;
		};
/* End PBXSourcesBuildPhase section */

/* Begin XCBuildConfiguration section */
		C01FCF4B08A954540054247B /* Debug */ = {
			isa = XCBuildConfiguration;
			buildSettings = {
				COMBINE_HIDPI_IMAGES = YES;
				COPY_PHASE_STRIP = NO;
				DEAD_CODE_STRIPPING = YES;
				GCC_DYNAMIC_NO_PIC = NO;
				GCC_INLINES_ARE_PRIVATE_EXTERN = YES;
				GCC_OPTIMIZATION_LEVEL = 0;
				GCC_PRECOMPILE_PREFIX_HEADER = YES;
				GCC_PREFIX_HEADER = Basic_Prefix.pch;
				GCC_PREPROCESSOR_DEFINITIONS = (
					"DEBUG=1",
					"$(inherited)",
				);
				GCC_SYMBOLS_PRIVATE_EXTERN = NO;
				HEADER_SEARCH_PATHS = (
					"\"$(CINDER_PATH)/include\"",
					../../../libs/FaceTracker/include,
				);
				INFOPLIST_FILE = Info.plist;
				INSTALL_PATH = "$(HOME)/Applications";
				OTHER_LDFLAGS = (
					"\"$(CINDER_PATH)/lib/libcinder_d.a\"",
					"\"../../../../Cinder-OpenCV3/lib/macosx/libopencv_calib3d.a\"",
					"\"../../../../Cinder-OpenCV3/lib/macosx/libopencv_core.a\"",
					"\"../../../../Cinder-OpenCV3/lib/macosx/libopencv_features2d.a\"",
					"\"../../../../Cinder-OpenCV3/lib/macosx/libopencv_flann.a\"",
					"\"../../../../Cinder-OpenCV3/lib/macosx/libopencv_hal.a\"",
					"\"../../../../Cinder-OpenCV3/lib/macosx/libopencv_imgproc.a\"",
					"\"../../../../Cinder-OpenCV3/lib/macosx/libopencv_ml.a\"",
					"\"../../../../Cinder-OpenCV3/lib/macosx/libopencv_objdetect.a\"",
					"\"../../../../Cinder-OpenCV3/lib/macosx/libopencv_photo.a\"",
					"\"../../../../Cinder-OpenCV3/lib/macosx/libopencv_shape.a\"",
					"\"../../../../Cinder-OpenCV3/lib/macosx/libopencv_stitching.a\"",
					"\"../../../../Cinder-OpenCV3/lib/macosx/libopencv_superres.a\"",
					"\"../../../../Cinder-OpenCV3/lib/macosx/libopencv_video.a\"",
					"\"../../../../Cinder-OpenCV3/lib/macosx/libopencv_ts.a\"",
					"\"../../../../Cinder-OpenCV3/lib/macosx/libopencv_videoio.a\"",
					"\"../../../../Cinder-OpenCV3/lib/macosx/libopencv_videostab.a\"",
					"\"../../../../Cinder-OpenCV3/lib/macosx/libippicv.a\"",
					"\"-lz\"",
				);
				PRODUCT_BUNDLE_IDENTIFIER = "org.libcinder.${PRODUCT_NAME:rfc1034identifier}";
				PRODUCT_NAME = Basic;
				SYMROOT = ./build;
				USER_HEADER_SEARCH_PATHS = "\"$(CINDER_PATH)/include\" ../include \"../../../../Cinder-OpenCV3/include\" \"../../../../Cinder-OpenCV3/include/opencv2\"";
				WRAPPER_EXTENSION = app;
			};
			name = Debug;
		};
		C01FCF4C08A954540054247B /* Release */ = {
			isa = XCBuildConfiguration;
			buildSettings = {
				COMBINE_HIDPI_IMAGES = YES;
				DEAD_CODE_STRIPPING = YES;
				DEBUG_INFORMATION_FORMAT = "dwarf-with-dsym";
				GCC_FAST_MATH = YES;
				GCC_GENERATE_DEBUGGING_SYMBOLS = NO;
				GCC_INLINES_ARE_PRIVATE_EXTERN = YES;
				GCC_OPTIMIZATION_LEVEL = 3;
				GCC_PRECOMPILE_PREFIX_HEADER = YES;
				GCC_PREFIX_HEADER = Basic_Prefix.pch;
				GCC_PREPROCESSOR_DEFINITIONS = (
					"NDEBUG=1",
					"$(inherited)",
				);
				GCC_SYMBOLS_PRIVATE_EXTERN = NO;
				HEADER_SEARCH_PATHS = (
					"\"$(CINDER_PATH)/include\"",
					../../../libs/FaceTracker/include,
				);
				INFOPLIST_FILE = Info.plist;
				INSTALL_PATH = "$(HOME)/Applications";
				OTHER_LDFLAGS = (
					"\"$(CINDER_PATH)/lib/libcinder.a\"",
					"\"../../../../Cinder-OpenCV3/lib/macosx/libopencv_calib3d.a\"",
					"\"../../../../Cinder-OpenCV3/lib/macosx/libopencv_core.a\"",
					"\"../../../../Cinder-OpenCV3/lib/macosx/libopencv_features2d.a\"",
					"\"../../../../Cinder-OpenCV3/lib/macosx/libopencv_flann.a\"",
					"\"../../../../Cinder-OpenCV3/lib/macosx/libopencv_hal.a\"",
					"\"../../../../Cinder-OpenCV3/lib/macosx/libopencv_imgproc.a\"",
					"\"../../../../Cinder-OpenCV3/lib/macosx/libopencv_ml.a\"",
					"\"../../../../Cinder-OpenCV3/lib/macosx/libopencv_objdetect.a\"",
					"\"../../../../Cinder-OpenCV3/lib/macosx/libopencv_photo.a\"",
					"\"../../../../Cinder-OpenCV3/lib/macosx/libopencv_shape.a\"",
					"\"../../../../Cinder-OpenCV3/lib/macosx/libopencv_stitching.a\"",
					"\"../../../../Cinder-OpenCV3/lib/macosx/libopencv_superres.a\"",
					"\"../../../../Cinder-OpenCV3/lib/macosx/libopencv_video.a\"",
					"\"../../../../Cinder-OpenCV3/lib/macosx/libopencv_ts.a\"",
					"\"../../../../Cinder-OpenCV3/lib/macosx/libopencv_videoio.a\"",
					"\"../../../../Cinder-OpenCV3/lib/macosx/libopencv_videostab.a\"",
					"\"../../../../Cinder-OpenCV3/lib/macosx/libippicv.a\"",
					"\"-lz\"",
				);
				PRODUCT_BUNDLE_IDENTIFIER = "org.libcinder.${PRODUCT_NAME:rfc1034identifier}";
				PRODUCT_NAME = Basic;
				STRIP_INSTALLED_PRODUCT = YES;
				SYMROOT = ./build;
				USER_HEADER_SEARCH_PATHS = "\"$(CINDER_PATH)/include\" ../include \"../../../../Cinder-OpenCV3/include\" \"../../../../Cinder-OpenCV3/include/opencv2\"";
				WRAPPER_EXTENSION = app;
			};
			name = Release;
		};
		C01FCF4F08A954540054247B /* Debug */ = {
			isa = XCBuildConfiguration;
			buildSettings = {
				ALWAYS_SEARCH_USER_PATHS = NO;
				CINDER_PATH = ../../../../..;
				CLANG_CXX_LANGUAGE_STANDARD = "c++0x";
				CLANG_CXX_LIBRARY = "libc++";
				ENABLE_TESTABILITY = YES;
				GCC_WARN_ABOUT_RETURN_TYPE = YES;
				GCC_WARN_UNUSED_VARIABLE = YES;
				HEADER_SEARCH_PATHS = (
					"\"$(CINDER_PATH)/boost\"",
					../../../libs/FaceTracker/include,
				);
				MACOSX_DEPLOYMENT_TARGET = 10.11;
				ONLY_ACTIVE_ARCH = YES;
				SDKROOT = macosx;
				USER_HEADER_SEARCH_PATHS = "\"$(CINDER_PATH)/include\" ../include \"../../../../Cinder-OpenCV/include\" \"../../../../Cinder-OpenCV/include/opencv2\"";
			};
			name = Debug;
		};
		C01FCF5008A954540054247B /* Release */ = {
			isa = XCBuildConfiguration;
			buildSettings = {
				ALWAYS_SEARCH_USER_PATHS = NO;
				CINDER_PATH = ../../../../..;
				CLANG_CXX_LANGUAGE_STANDARD = "c++0x";
				CLANG_CXX_LIBRARY = "libc++";
				GCC_WARN_ABOUT_RETURN_TYPE = YES;
				GCC_WARN_UNUSED_VARIABLE = YES;
				HEADER_SEARCH_PATHS = (
					"\"$(CINDER_PATH)/boost\"",
					../../../libs/FaceTracker/include,
				);
				MACOSX_DEPLOYMENT_TARGET = 10.11;
				SDKROOT = macosx;
				USER_HEADER_SEARCH_PATHS = "\"$(CINDER_PATH)/include\" ../include \"../../../../Cinder-OpenCV/include\" \"../../../../Cinder-OpenCV/include/opencv2\"";
			};
			name = Release;
		};
/* End XCBuildConfiguration section */

/* Begin XCConfigurationList section */
		C01FCF4A08A954540054247B /* Build configuration list for PBXNativeTarget "Basic" */ = {
			isa = XCConfigurationList;
			buildConfigurations = (
				C01FCF4B08A954540054247B /* Debug */,
				C01FCF4C08A954540054247B /* Release */,
			);
			defaultConfigurationIsVisible = 0;
			defaultConfigurationName = Release;
		};
		C01FCF4E08A954540054247B /* Build configuration list for PBXProject "Basic" */ = {
			isa = XCConfigurationList;
			buildConfigurations = (
				C01FCF4F08A954540054247B /* Debug */,
				C01FCF5008A954540054247B /* Release */,
			);
			defaultConfigurationIsVisible = 0;
			defaultConfigurationName = Release;
		};
/* End XCConfigurationList section */
	};
	rootObject = 29B97313FDCFA39411CA2CEA /* Project object */;
}
